// !$*UTF8*$!
{
	archiveVersion = 1;
	classes = {
	};
	objectVersion = 46;
	objects = {

/* Begin PBXBuildFile section */
		EEA298891DED5ECE00845DB8 /* AppDelegate.swift in Sources */ = {isa = PBXBuildFile; fileRef = EEA298881DED5ECE00845DB8 /* AppDelegate.swift */; };
		EEA2988B1DED5ECE00845DB8 /* ViewController.swift in Sources */ = {isa = PBXBuildFile; fileRef = EEA2988A1DED5ECE00845DB8 /* ViewController.swift */; };
		EEA2988E1DED5ECE00845DB8 /* Main.storyboard in Resources */ = {isa = PBXBuildFile; fileRef = EEA2988C1DED5ECE00845DB8 /* Main.storyboard */; };
		EEA298901DED5ECE00845DB8 /* Assets.xcassets in Resources */ = {isa = PBXBuildFile; fileRef = EEA2988F1DED5ECE00845DB8 /* Assets.xcassets */; };
		EEA298931DED5ECE00845DB8 /* LaunchScreen.storyboard in Resources */ = {isa = PBXBuildFile; fileRef = EEA298911DED5ECE00845DB8 /* LaunchScreen.storyboard */; };
/* End PBXBuildFile section */

/* Begin PBXFileReference section */
		EEA298851DED5ECE00845DB8 /* ConstraintsShift.app */ = {isa = PBXFileReference; explicitFileType = wrapper.application; includeInIndex = 0; path = ConstraintsShift.app; sourceTree = BUILT_PRODUCTS_DIR; };
		EEA298881DED5ECE00845DB8 /* AppDelegate.swift */ = {isa = PBXFileReference; lastKnownFileType = sourcecode.swift; path = AppDelegate.swift; sourceTree = "<group>"; };
		EEA2988A1DED5ECE00845DB8 /* ViewController.swift */ = {isa = PBXFileReference; lastKnownFileType = sourcecode.swift; path = ViewController.swift; sourceTree = "<group>"; };
		EEA2988D1DED5ECE00845DB8 /* Base */ = {isa = PBXFileReference; lastKnownFileType = file.storyboard; name = Base; path = Base.lproj/Main.storyboard; sourceTree = "<group>"; };
		EEA2988F1DED5ECE00845DB8 /* Assets.xcassets */ = {isa = PBXFileReference; lastKnownFileType = folder.assetcatalog; path = Assets.xcassets; sourceTree = "<group>"; };
		EEA298921DED5ECE00845DB8 /* Base */ = {isa = PBXFileReference; lastKnownFileType = file.storyboard; name = Base; path = Base.lproj/LaunchScreen.storyboard; sourceTree = "<group>"; };
		EEA298941DED5ECE00845DB8 /* Info.plist */ = {isa = PBXFileReference; lastKnownFileType = text.plist.xml; path = Info.plist; sourceTree = "<group>"; };
/* End PBXFileReference section */

/* Begin PBXFrameworksBuildPhase section */
		EEA298821DED5ECE00845DB8 /* Frameworks */ = {
			isa = PBXFrameworksBuildPhase;
			buildActionMask = 2147483647;
			files = (
			);
			runOnlyForDeploymentPostprocessing = 0;
		};
/* End PBXFrameworksBuildPhase section */

/* Begin PBXGroup section */
		EEA2987C1DED5ECD00845DB8 = {
			isa = PBXGroup;
			children = (
				EEA298871DED5ECE00845DB8 /* ConstraintsShift */,
				EEA298861DED5ECE00845DB8 /* Products */,
			);
			sourceTree = "<group>";
		};
		EEA298861DED5ECE00845DB8 /* Products */ = {
			isa = PBXGroup;
			children = (
				EEA298851DED5ECE00845DB8 /* ConstraintsShift.app */,
			);
			name = Products;
			sourceTree = "<group>";
		};
		EEA298871DED5ECE00845DB8 /* ConstraintsShift */ = {
			isa = PBXGroup;
			children = (
				EEA298881DED5ECE00845DB8 /* AppDelegate.swift */,
				EEA2988A1DED5ECE00845DB8 /* ViewController.swift */,
				EEA2988C1DED5ECE00845DB8 /* Main.storyboard */,
				EEA2988F1DED5ECE00845DB8 /* Assets.xcassets */,
				EEA298911DED5ECE00845DB8 /* LaunchScreen.storyboard */,
				EEA298941DED5ECE00845DB8 /* Info.plist */,
			);
			path = ConstraintsShift;
			sourceTree = "<group>";
		};
/* End PBXGroup section */

/* Begin PBXNativeTarget section */
		EEA298841DED5ECE00845DB8 /* ConstraintsShift */ = {
			isa = PBXNativeTarget;
			buildConfigurationList = EEA298971DED5ECE00845DB8 /* Build configuration list for PBXNativeTarget "ConstraintsShift" */;
			buildPhases = (
				EEA298811DED5ECE00845DB8 /* Sources */,
				EEA298821DED5ECE00845DB8 /* Frameworks */,
				EEA298831DED5ECE00845DB8 /* Resources */,
			);
			buildRules = (
			);
			dependencies = (
			);
			name = ConstraintsShift;
			productName = ConstraintsShift;
			productReference = EEA298851DED5ECE00845DB8 /* ConstraintsShift.app */;
			productType = "com.apple.product-type.application";
		};
/* End PBXNativeTarget section */

/* Begin PBXProject section */
		EEA2987D1DED5ECE00845DB8 /* Project object */ = {
			isa = PBXProject;
			attributes = {
				LastSwiftUpdateCheck = 0810;
				LastUpgradeCheck = 0810;
				ORGANIZATIONNAME = SeoGiwon;
				TargetAttributes = {
					EEA298841DED5ECE00845DB8 = {
						CreatedOnToolsVersion = 8.1;
						DevelopmentTeam = 8LSJUN2G6D;
						ProvisioningStyle = Automatic;
					};
				};
			};
			buildConfigurationList = EEA298801DED5ECE00845DB8 /* Build configuration list for PBXProject "ConstraintsShift" */;
			compatibilityVersion = "Xcode 3.2";
			developmentRegion = English;
			hasScannedForEncodings = 0;
			knownRegions = (
				en,
				Base,
			);
			mainGroup = EEA2987C1DED5ECD00845DB8;
			productRefGroup = EEA298861DED5ECE00845DB8 /* Products */;
			projectDirPath = "";
			projectRoot = "";
			targets = (
				EEA298841DED5ECE00845DB8 /* ConstraintsShift */,
			);
		};
/* End PBXProject section */

/* Begin PBXResourcesBuildPhase section */
		EEA298831DED5ECE00845DB8 /* Resources */ = {
			isa = PBXResourcesBuildPhase;
			buildActionMask = 2147483647;
			files = (
				EEA298931DED5ECE00845DB8 /* LaunchScreen.storyboard in Resources */,
				EEA298901DED5ECE00845DB8 /* Assets.xcassets in Resources */,
				EEA2988E1DED5ECE00845DB8 /* Main.storyboard in Resources */,
			);
			runOnlyForDeploymentPostprocessing = 0;
		};
/* End PBXResourcesBuildPhase section */

/* Begin PBXSourcesBuildPhase section */
		EEA298811DED5ECE00845DB8 /* Sources */ = {
			isa = PBXSourcesBuildPhase;
			buildActionMask = 2147483647;
			files = (
				EEA2988B1DED5ECE00845DB8 /* ViewController.swift in Sources */,
				EEA298891DED5ECE00845DB8 /* AppDelegate.swift in Sources */,
			);
			runOnlyForDeploymentPostprocessing = 0;
		};
/* End PBXSourcesBuildPhase section */

/* Begin PBXVariantGroup section */
		EEA2988C1DED5ECE00845DB8 /* Main.storyboard */ = {
			isa = PBXVariantGroup;
			children = (
				EEA2988D1DED5ECE00845DB8 /* Base */,
			);
			name = Main.storyboard;
			sourceTree = "<group>";
		};
		EEA298911DED5ECE00845DB8 /* LaunchScreen.storyboard */ = {
			isa = PBXVariantGroup;
			children = (
				EEA298921DED5ECE00845DB8 /* Base */,
			);
			name = LaunchScreen.storyboard;
			sourceTree = "<group>";
		};
/* End PBXVariantGroup section */

/* Begin XCBuildConfiguration section */
		EEA298951DED5ECE00845DB8 /* Debug */ = {
			isa = XCBuildConfiguration;
			buildSettings = {
				ALWAYS_SEARCH_USER_PATHS = NO;
				CLANG_ANALYZER_NONNULL = YES;
				CLANG_CXX_LANGUAGE_STANDARD = "gnu++0x";
				CLANG_CXX_LIBRARY = "libc++";
				CLANG_ENABLE_MODULES = YES;
				CLANG_ENABLE_OBJC_ARC = YES;
				CLANG_WARN_BOOL_CONVERSION = YES;
				CLANG_WARN_CONSTANT_CONVERSION = YES;
				CLANG_WARN_DIRECT_OBJC_ISA_USAGE = YES_ERROR;
				CLANG_WARN_DOCUMENTATION_COMMENTS = YES;
				CLANG_WARN_EMPTY_BODY = YES;
				CLANG_WARN_ENUM_CONVERSION = YES;
				CLANG_WARN_INFINITE_RECURSION = YES;
				CLANG_WARN_INT_CONVERSION = YES;
				CLANG_WARN_OBJC_ROOT_CLASS = YES_ERROR;
				CLANG_WARN_SUSPICIOUS_MOVES = YES;
				CLANG_WARN_UNREACHABLE_CODE = YES;
				CLANG_WARN__DUPLICATE_METHOD_MATCH = YES;
				"CODE_SIGN_IDENTITY[sdk=iphoneos*]" = "iPhone Developer";
				COPY_PHASE_STRIP = NO;
				DEBUG_INFORMATION_FORMAT = dwarf;
				ENABLE_STRICT_OBJC_MSGSEND = YES;
				ENABLE_TESTABILITY = YES;
				GCC_C_LANGUAGE_STANDARD = gnu99;
				GCC_DYNAMIC_NO_PIC = NO;
				GCC_NO_COMMON_BLOCKS = YES;
				GCC_OPTIMIZATION_LEVEL = 0;
				GCC_PREPROCESSOR_DEFINITIONS = (
					"DEBUG=1",
					"$(inherited)",
				);
				GCC_WARN_64_TO_32_BIT_CONVERSION = YES;
				GCC_WARN_ABOUT_RETURN_TYPE = YES_ERROR;
				GCC_WARN_UNDECLARED_SELECTOR = YES;
				GCC_WARN_UNINITIALIZED_AUTOS = YES_AGGRESSIVE;
				GCC_WARN_UNUSED_FUNCTION = YES;
				GCC_WARN_UNUSED_VARIABLE = YES;
				IPHONEOS_DEPLOYMENT_TARGET = 10.1;
				MTL_ENABLE_DEBUG_INFO = YES;
				ONLY_ACTIVE_ARCH = YES;
				SDKROOT = iphoneos;
				SWIFT_ACTIVE_COMPILATION_CONDITIONS = DEBUG;
				SWIFT_OPTIMIZATION_LEVEL = "-Onone";
				TARGETED_DEVICE_FAMILY = "1,2";
			};
			name = Debug;
		};
		EEA298961DED5ECE00845DB8 /* Release */ = {
			isa = XCBuildConfiguration;
			buildSettings = {
				ALWAYS_SEARCH_USER_PATHS = NO;
				CLANG_ANALYZER_NONNULL = YES;
				CLANG_CXX_LANGUAGE_STANDARD = "gnu++0x";
				CLANG_CXX_LIBRARY = "libc++";
				CLANG_ENABLE_MODULES = YES;
				CLANG_ENABLE_OBJC_ARC = YES;
				CLANG_WARN_BOOL_CONVERSION = YES;
				CLANG_WARN_CONSTANT_CONVERSION = YES;
				CLANG_WARN_DIRECT_OBJC_ISA_USAGE = YES_ERROR;
				CLANG_WARN_DOCUMENTATION_COMMENTS = YES;
				CLANG_WARN_EMPTY_BODY = YES;
				CLANG_WARN_ENUM_CONVERSION = YES;
				CLANG_WARN_INFINITE_RECURSION = YES;
				CLANG_WARN_INT_CONVERSION = YES;
				CLANG_WARN_OBJC_ROOT_CLASS = YES_ERROR;
				CLANG_WARN_SUSPICIOUS_MOVES = YES;
				CLANG_WARN_UNREACHABLE_CODE = YES;
				CLANG_WARN__DUPLICATE_METHOD_MATCH = YES;
				"CODE_SIGN_IDENTITY[sdk=iphoneos*]" = "iPhone Developer";
				COPY_PHASE_STRIP = NO;
				DEBUG_INFORMATION_FORMAT = "dwarf-with-dsym";
				ENABLE_NS_ASSERTIONS = NO;
				ENABLE_STRICT_OBJC_MSGSEND = YES;
				GCC_C_LANGUAGE_STANDARD = gnu99;
				GCC_NO_COMMON_BLOCKS = YES;
				GCC_WARN_64_TO_32_BIT_CONVERSION = YES;
				GCC_WARN_ABOUT_RETURN_TYPE = YES_ERROR;
				GCC_WARN_UNDECLARED_SELECTOR = YES;
				GCC_WARN_UNINITIALIZED_AUTOS = YES_AGGRESSIVE;
				GCC_WARN_UNUSED_FUNCTION = YES;
				GCC_WARN_UNUSED_VARIABLE = YES;
				IPHONEOS_DEPLOYMENT_TARGET = 10.1;
				MTL_ENABLE_DEBUG_INFO = NO;
				SDKROOT = iphoneos;
				SWIFT_OPTIMIZATION_LEVEL = "-Owholemodule";
				TARGETED_DEVICE_FAMILY = "1,2";
				VALIDATE_PRODUCT = YES;
			};
			name = Release;
		};
		EEA298981DED5ECE00845DB8 /* Debug */ = {
			isa = XCBuildConfiguration;
			buildSettings = {
				ASSETCATALOG_COMPILER_APPICON_NAME = AppIcon;
				DEVELOPMENT_TEAM = 8LSJUN2G6D;
				INFOPLIST_FILE = ConstraintsShift/Info.plist;
				LD_RUNPATH_SEARCH_PATHS = "$(inherited) @executable_path/Frameworks";
				PRODUCT_BUNDLE_IDENTIFIER = softv.ConstraintsShift;
				PRODUCT_NAME = "$(TARGET_NAME)";
				SWIFT_VERSION = 3.0;
			};
			name = Debug;
		};
		EEA298991DED5ECE00845DB8 /* Release */ = {
			isa = XCBuildConfiguration;
			buildSettings = {
				ASSETCATALOG_COMPILER_APPICON_NAME = AppIcon;
				DEVELOPMENT_TEAM = 8LSJUN2G6D;
				INFOPLIST_FILE = ConstraintsShift/Info.plist;
				LD_RUNPATH_SEARCH_PATHS = "$(inherited) @executable_path/Frameworks";
				PRODUCT_BUNDLE_IDENTIFIER = softv.ConstraintsShift;
				PRODUCT_NAME = "$(TARGET_NAME)";
				SWIFT_VERSION = 3.0;
			};
			name = Release;
		};
/* End XCBuildConfiguration section */

/* Begin XCConfigurationList section */
		EEA298801DED5ECE00845DB8 /* Build configuration list for PBXProject "ConstraintsShift" */ = {
			isa = XCConfigurationList;
			buildConfigurations = (
				EEA298951DED5ECE00845DB8 /* Debug */,
				EEA298961DED5ECE00845DB8 /* Release */,
			);
			defaultConfigurationIsVisible = 0;
			defaultConfigurationName = Release;
		};
		EEA298971DED5ECE00845DB8 /* Build configuration list for PBXNativeTarget "ConstraintsShift" */ = {
			isa = XCConfigurationList;
			buildConfigurations = (
				EEA298981DED5ECE00845DB8 /* Debug */,
				EEA298991DED5ECE00845DB8 /* Release */,
			);
			defaultConfigurationIsVisible = 0;
		};
/* End XCConfigurationList section */
	};
	rootObject = EEA2987D1DED5ECE00845DB8 /* Project object */;
}
