// !$*UTF8*$!
{
	archiveVersion = 1;
	classes = {
	};
	objectVersion = 46;
	objects = {

/* Begin PBXBuildFile section */
		EE0CCF671ED71A3B003E96BC /* AppDelegate.swift in Sources */ = {isa = PBXBuildFile; fileRef = EE0CCF661ED71A3B003E96BC /* AppDelegate.swift */; };
		EE0CCF691ED71A3B003E96BC /* ViewController.swift in Sources */ = {isa = PBXBuildFile; fileRef = EE0CCF681ED71A3B003E96BC /* ViewController.swift */; };
		EE0CCF6C1ED71A3B003E96BC /* Main.storyboard in Resources */ = {isa = PBXBuildFile; fileRef = EE0CCF6A1ED71A3B003E96BC /* Main.storyboard */; };
		EE0CCF6E1ED71A3B003E96BC /* Assets.xcassets in Resources */ = {isa = PBXBuildFile; fileRef = EE0CCF6D1ED71A3B003E96BC /* Assets.xcassets */; };
		EE0CCF711ED71A3B003E96BC /* LaunchScreen.storyboard in Resources */ = {isa = PBXBuildFile; fileRef = EE0CCF6F1ED71A3B003E96BC /* LaunchScreen.storyboard */; };
		EE0CCF7C1ED71A3B003E96BC /* MyWebImageTests.swift in Sources */ = {isa = PBXBuildFile; fileRef = EE0CCF7B1ED71A3B003E96BC /* MyWebImageTests.swift */; };
		EE0CCF871ED71DD7003E96BC /* GiwonWebImage.swift in Sources */ = {isa = PBXBuildFile; fileRef = EE0CCF861ED71DD7003E96BC /* GiwonWebImage.swift */; };
		EE28B9A61F35F86D00170E8F /* GiwonWebImage.swift in Sources */ = {isa = PBXBuildFile; fileRef = EE0CCF861ED71DD7003E96BC /* GiwonWebImage.swift */; };
		EE7233A21ED7310A0030CB82 /* 1.jpeg in Resources */ = {isa = PBXBuildFile; fileRef = EE7233A11ED7310A0030CB82 /* 1.jpeg */; };
		EE7233A41ED731230030CB82 /* 2.png in Resources */ = {isa = PBXBuildFile; fileRef = EE7233A31ED731230030CB82 /* 2.png */; };
		EE7233A81ED740750030CB82 /* apple_raw.png in Resources */ = {isa = PBXBuildFile; fileRef = EE7233A71ED740750030CB82 /* apple_raw.png */; };
/* End PBXBuildFile section */

/* Begin PBXContainerItemProxy section */
		EE0CCF781ED71A3B003E96BC /* PBXContainerItemProxy */ = {
			isa = PBXContainerItemProxy;
			containerPortal = EE0CCF5B1ED71A3B003E96BC /* Project object */;
			proxyType = 1;
			remoteGlobalIDString = EE0CCF621ED71A3B003E96BC;
			remoteInfo = MyWebImage;
		};
/* End PBXContainerItemProxy section */

/* Begin PBXFileReference section */
		EE0CCF631ED71A3B003E96BC /* MyWebImage.app */ = {isa = PBXFileReference; explicitFileType = wrapper.application; includeInIndex = 0; path = MyWebImage.app; sourceTree = BUILT_PRODUCTS_DIR; };
		EE0CCF661ED71A3B003E96BC /* AppDelegate.swift */ = {isa = PBXFileReference; lastKnownFileType = sourcecode.swift; path = AppDelegate.swift; sourceTree = "<group>"; };
		EE0CCF681ED71A3B003E96BC /* ViewController.swift */ = {isa = PBXFileReference; lastKnownFileType = sourcecode.swift; path = ViewController.swift; sourceTree = "<group>"; };
		EE0CCF6B1ED71A3B003E96BC /* Base */ = {isa = PBXFileReference; lastKnownFileType = file.storyboard; name = Base; path = Base.lproj/Main.storyboard; sourceTree = "<group>"; };
		EE0CCF6D1ED71A3B003E96BC /* Assets.xcassets */ = {isa = PBXFileReference; lastKnownFileType = folder.assetcatalog; path = Assets.xcassets; sourceTree = "<group>"; };
		EE0CCF701ED71A3B003E96BC /* Base */ = {isa = PBXFileReference; lastKnownFileType = file.storyboard; name = Base; path = Base.lproj/LaunchScreen.storyboard; sourceTree = "<group>"; };
		EE0CCF721ED71A3B003E96BC /* Info.plist */ = {isa = PBXFileReference; lastKnownFileType = text.plist.xml; path = Info.plist; sourceTree = "<group>"; };
		EE0CCF771ED71A3B003E96BC /* MyWebImageTests.xctest */ = {isa = PBXFileReference; explicitFileType = wrapper.cfbundle; includeInIndex = 0; path = MyWebImageTests.xctest; sourceTree = BUILT_PRODUCTS_DIR; };
		EE0CCF7B1ED71A3B003E96BC /* MyWebImageTests.swift */ = {isa = PBXFileReference; lastKnownFileType = sourcecode.swift; path = MyWebImageTests.swift; sourceTree = "<group>"; };
		EE0CCF7D1ED71A3B003E96BC /* Info.plist */ = {isa = PBXFileReference; lastKnownFileType = text.plist.xml; path = Info.plist; sourceTree = "<group>"; };
		EE0CCF861ED71DD7003E96BC /* GiwonWebImage.swift */ = {isa = PBXFileReference; fileEncoding = 4; lastKnownFileType = sourcecode.swift; path = GiwonWebImage.swift; sourceTree = "<group>"; };
		EE7233A11ED7310A0030CB82 /* 1.jpeg */ = {isa = PBXFileReference; lastKnownFileType = image.jpeg; path = 1.jpeg; sourceTree = "<group>"; };
		EE7233A31ED731230030CB82 /* 2.png */ = {isa = PBXFileReference; lastKnownFileType = image.png; path = 2.png; sourceTree = "<group>"; };
		EE7233A71ED740750030CB82 /* apple_raw.png */ = {isa = PBXFileReference; lastKnownFileType = image.png; path = apple_raw.png; sourceTree = "<group>"; };
/* End PBXFileReference section */

/* Begin PBXFrameworksBuildPhase section */
		EE0CCF601ED71A3B003E96BC /* Frameworks */ = {
			isa = PBXFrameworksBuildPhase;
			buildActionMask = 2147483647;
			files = (
			);
			runOnlyForDeploymentPostprocessing = 0;
		};
		EE0CCF741ED71A3B003E96BC /* Frameworks */ = {
			isa = PBXFrameworksBuildPhase;
			buildActionMask = 2147483647;
			files = (
			);
			runOnlyForDeploymentPostprocessing = 0;
		};
/* End PBXFrameworksBuildPhase section */

/* Begin PBXGroup section */
		EE0CCF5A1ED71A3B003E96BC = {
			isa = PBXGroup;
			children = (
				EE0CCF651ED71A3B003E96BC /* MyWebImage */,
				EE0CCF7A1ED71A3B003E96BC /* MyWebImageTests */,
				EE0CCF641ED71A3B003E96BC /* Products */,
			);
			sourceTree = "<group>";
		};
		EE0CCF641ED71A3B003E96BC /* Products */ = {
			isa = PBXGroup;
			children = (
				EE0CCF631ED71A3B003E96BC /* MyWebImage.app */,
				EE0CCF771ED71A3B003E96BC /* MyWebImageTests.xctest */,
			);
			name = Products;
			sourceTree = "<group>";
		};
		EE0CCF651ED71A3B003E96BC /* MyWebImage */ = {
			isa = PBXGroup;
			children = (
				EE0CCF661ED71A3B003E96BC /* AppDelegate.swift */,
				EE0CCF861ED71DD7003E96BC /* GiwonWebImage.swift */,
				EE7233A11ED7310A0030CB82 /* 1.jpeg */,
				EE7233A31ED731230030CB82 /* 2.png */,
				EE7233A71ED740750030CB82 /* apple_raw.png */,
				EE0CCF681ED71A3B003E96BC /* ViewController.swift */,
				EE0CCF6A1ED71A3B003E96BC /* Main.storyboard */,
				EE0CCF6D1ED71A3B003E96BC /* Assets.xcassets */,
				EE0CCF6F1ED71A3B003E96BC /* LaunchScreen.storyboard */,
				EE0CCF721ED71A3B003E96BC /* Info.plist */,
			);
			path = MyWebImage;
			sourceTree = "<group>";
		};
		EE0CCF7A1ED71A3B003E96BC /* MyWebImageTests */ = {
			isa = PBXGroup;
			children = (
				EE0CCF7B1ED71A3B003E96BC /* MyWebImageTests.swift */,
				EE0CCF7D1ED71A3B003E96BC /* Info.plist */,
			);
			path = MyWebImageTests;
			sourceTree = "<group>";
		};
/* End PBXGroup section */

/* Begin PBXNativeTarget section */
		EE0CCF621ED71A3B003E96BC /* MyWebImage */ = {
			isa = PBXNativeTarget;
			buildConfigurationList = EE0CCF801ED71A3B003E96BC /* Build configuration list for PBXNativeTarget "MyWebImage" */;
			buildPhases = (
				EE0CCF5F1ED71A3B003E96BC /* Sources */,
				EE0CCF601ED71A3B003E96BC /* Frameworks */,
				EE0CCF611ED71A3B003E96BC /* Resources */,
			);
			buildRules = (
			);
			dependencies = (
			);
			name = MyWebImage;
			productName = MyWebImage;
			productReference = EE0CCF631ED71A3B003E96BC /* MyWebImage.app */;
			productType = "com.apple.product-type.application";
		};
		EE0CCF761ED71A3B003E96BC /* MyWebImageTests */ = {
			isa = PBXNativeTarget;
			buildConfigurationList = EE0CCF831ED71A3B003E96BC /* Build configuration list for PBXNativeTarget "MyWebImageTests" */;
			buildPhases = (
				EE0CCF731ED71A3B003E96BC /* Sources */,
				EE0CCF741ED71A3B003E96BC /* Frameworks */,
				EE0CCF751ED71A3B003E96BC /* Resources */,
			);
			buildRules = (
			);
			dependencies = (
				EE0CCF791ED71A3B003E96BC /* PBXTargetDependency */,
			);
			name = MyWebImageTests;
			productName = MyWebImageTests;
			productReference = EE0CCF771ED71A3B003E96BC /* MyWebImageTests.xctest */;
			productType = "com.apple.product-type.bundle.unit-test";
		};
/* End PBXNativeTarget section */

/* Begin PBXProject section */
		EE0CCF5B1ED71A3B003E96BC /* Project object */ = {
			isa = PBXProject;
			attributes = {
				LastSwiftUpdateCheck = 0830;
				LastUpgradeCheck = 0830;
				ORGANIZATIONNAME = SeoGiwon;
				TargetAttributes = {
					EE0CCF621ED71A3B003E96BC = {
						CreatedOnToolsVersion = 8.3.2;
						DevelopmentTeam = 8LSJUN2G6D;
						ProvisioningStyle = Automatic;
					};
					EE0CCF761ED71A3B003E96BC = {
						CreatedOnToolsVersion = 8.3.2;
						DevelopmentTeam = 8LSJUN2G6D;
						ProvisioningStyle = Automatic;
						TestTargetID = EE0CCF621ED71A3B003E96BC;
					};
				};
			};
			buildConfigurationList = EE0CCF5E1ED71A3B003E96BC /* Build configuration list for PBXProject "MyWebImage" */;
			compatibilityVersion = "Xcode 3.2";
			developmentRegion = English;
			hasScannedForEncodings = 0;
			knownRegions = (
				en,
				Base,
			);
			mainGroup = EE0CCF5A1ED71A3B003E96BC;
			productRefGroup = EE0CCF641ED71A3B003E96BC /* Products */;
			projectDirPath = "";
			projectRoot = "";
			targets = (
				EE0CCF621ED71A3B003E96BC /* MyWebImage */,
				EE0CCF761ED71A3B003E96BC /* MyWebImageTests */,
			);
		};
/* End PBXProject section */

/* Begin PBXResourcesBuildPhase section */
		EE0CCF611ED71A3B003E96BC /* Resources */ = {
			isa = PBXResourcesBuildPhase;
			buildActionMask = 2147483647;
			files = (
				EE7233A41ED731230030CB82 /* 2.png in Resources */,
				EE7233A81ED740750030CB82 /* apple_raw.png in Resources */,
				EE0CCF711ED71A3B003E96BC /* LaunchScreen.storyboard in Resources */,
				EE0CCF6E1ED71A3B003E96BC /* Assets.xcassets in Resources */,
				EE7233A21ED7310A0030CB82 /* 1.jpeg in Resources */,
				EE0CCF6C1ED71A3B003E96BC /* Main.storyboard in Resources */,
			);
			runOnlyForDeploymentPostprocessing = 0;
		};
		EE0CCF751ED71A3B003E96BC /* Resources */ = {
			isa = PBXResourcesBuildPhase;
			buildActionMask = 2147483647;
			files = (
			);
			runOnlyForDeploymentPostprocessing = 0;
		};
/* End PBXResourcesBuildPhase section */

/* Begin PBXSourcesBuildPhase section */
		EE0CCF5F1ED71A3B003E96BC /* Sources */ = {
			isa = PBXSourcesBuildPhase;
			buildActionMask = 2147483647;
			files = (
				EE0CCF691ED71A3B003E96BC /* ViewController.swift in Sources */,
				EE0CCF871ED71DD7003E96BC /* GiwonWebImage.swift in Sources */,
				EE0CCF671ED71A3B003E96BC /* AppDelegate.swift in Sources */,
			);
			runOnlyForDeploymentPostprocessing = 0;
		};
		EE0CCF731ED71A3B003E96BC /* Sources */ = {
			isa = PBXSourcesBuildPhase;
			buildActionMask = 2147483647;
			files = (
				EE0CCF7C1ED71A3B003E96BC /* MyWebImageTests.swift in Sources */,
				EE28B9A61F35F86D00170E8F /* GiwonWebImage.swift in Sources */,
			);
			runOnlyForDeploymentPostprocessing = 0;
		};
/* End PBXSourcesBuildPhase section */

/* Begin PBXTargetDependency section */
		EE0CCF791ED71A3B003E96BC /* PBXTargetDependency */ = {
			isa = PBXTargetDependency;
			target = EE0CCF621ED71A3B003E96BC /* MyWebImage */;
			targetProxy = EE0CCF781ED71A3B003E96BC /* PBXContainerItemProxy */;
		};
/* End PBXTargetDependency section */

/* Begin PBXVariantGroup section */
		EE0CCF6A1ED71A3B003E96BC /* Main.storyboard */ = {
			isa = PBXVariantGroup;
			children = (
				EE0CCF6B1ED71A3B003E96BC /* Base */,
			);
			name = Main.storyboard;
			sourceTree = "<group>";
		};
		EE0CCF6F1ED71A3B003E96BC /* LaunchScreen.storyboard */ = {
			isa = PBXVariantGroup;
			children = (
				EE0CCF701ED71A3B003E96BC /* Base */,
			);
			name = LaunchScreen.storyboard;
			sourceTree = "<group>";
		};
/* End PBXVariantGroup section */

/* Begin XCBuildConfiguration section */
		EE0CCF7E1ED71A3B003E96BC /* Debug */ = {
			isa = XCBuildConfiguration;
			buildSettings = {
				ALWAYS_SEARCH_USER_PATHS = NO;
				CLANG_ANALYZER_NONNULL = YES;
				CLANG_ANALYZER_NUMBER_OBJECT_CONVERSION = YES_AGGRESSIVE;
				CLANG_CXX_LANGUAGE_STANDARD = "gnu++0x";
				CLANG_CXX_LIBRARY = "libc++";
				CLANG_ENABLE_MODULES = YES;
				CLANG_ENABLE_OBJC_ARC = YES;
				CLANG_WARN_BOOL_CONVERSION = YES;
				CLANG_WARN_CONSTANT_CONVERSION = YES;
				CLANG_WARN_DIRECT_OBJC_ISA_USAGE = YES_ERROR;
				CLANG_WARN_DOCUMENTATION_COMMENTS = YES;
				CLANG_WARN_EMPTY_BODY = YES;
				CLANG_WARN_ENUM_CONVERSION = YES;
				CLANG_WARN_INFINITE_RECURSION = YES;
				CLANG_WARN_INT_CONVERSION = YES;
				CLANG_WARN_OBJC_ROOT_CLASS = YES_ERROR;
				CLANG_WARN_SUSPICIOUS_MOVE = YES;
				CLANG_WARN_UNREACHABLE_CODE = YES;
				CLANG_WARN__DUPLICATE_METHOD_MATCH = YES;
				"CODE_SIGN_IDENTITY[sdk=iphoneos*]" = "iPhone Developer";
				COPY_PHASE_STRIP = NO;
				DEBUG_INFORMATION_FORMAT = dwarf;
				ENABLE_STRICT_OBJC_MSGSEND = YES;
				ENABLE_TESTABILITY = YES;
				GCC_C_LANGUAGE_STANDARD = gnu99;
				GCC_DYNAMIC_NO_PIC = NO;
				GCC_NO_COMMON_BLOCKS = YES;
				GCC_OPTIMIZATION_LEVEL = 0;
				GCC_PREPROCESSOR_DEFINITIONS = (
					"DEBUG=1",
					"$(inherited)",
				);
				GCC_WARN_64_TO_32_BIT_CONVERSION = YES;
				GCC_WARN_ABOUT_RETURN_TYPE = YES_ERROR;
				GCC_WARN_UNDECLARED_SELECTOR = YES;
				GCC_WARN_UNINITIALIZED_AUTOS = YES_AGGRESSIVE;
				GCC_WARN_UNUSED_FUNCTION = YES;
				GCC_WARN_UNUSED_VARIABLE = YES;
				IPHONEOS_DEPLOYMENT_TARGET = 10.3;
				MTL_ENABLE_DEBUG_INFO = YES;
				ONLY_ACTIVE_ARCH = YES;
				SDKROOT = iphoneos;
				SWIFT_ACTIVE_COMPILATION_CONDITIONS = DEBUG;
				SWIFT_OPTIMIZATION_LEVEL = "-Onone";
				TARGETED_DEVICE_FAMILY = "1,2";
			};
			name = Debug;
		};
		EE0CCF7F1ED71A3B003E96BC /* Release */ = {
			isa = XCBuildConfiguration;
			buildSettings = {
				ALWAYS_SEARCH_USER_PATHS = NO;
				CLANG_ANALYZER_NONNULL = YES;
				CLANG_ANALYZER_NUMBER_OBJECT_CONVERSION = YES_AGGRESSIVE;
				CLANG_CXX_LANGUAGE_STANDARD = "gnu++0x";
				CLANG_CXX_LIBRARY = "libc++";
				CLANG_ENABLE_MODULES = YES;
				CLANG_ENABLE_OBJC_ARC = YES;
				CLANG_WARN_BOOL_CONVERSION = YES;
				CLANG_WARN_CONSTANT_CONVERSION = YES;
				CLANG_WARN_DIRECT_OBJC_ISA_USAGE = YES_ERROR;
				CLANG_WARN_DOCUMENTATION_COMMENTS = YES;
				CLANG_WARN_EMPTY_BODY = YES;
				CLANG_WARN_ENUM_CONVERSION = YES;
				CLANG_WARN_INFINITE_RECURSION = YES;
				CLANG_WARN_INT_CONVERSION = YES;
				CLANG_WARN_OBJC_ROOT_CLASS = YES_ERROR;
				CLANG_WARN_SUSPICIOUS_MOVE = YES;
				CLANG_WARN_UNREACHABLE_CODE = YES;
				CLANG_WARN__DUPLICATE_METHOD_MATCH = YES;
				"CODE_SIGN_IDENTITY[sdk=iphoneos*]" = "iPhone Developer";
				COPY_PHASE_STRIP = NO;
				DEBUG_INFORMATION_FORMAT = "dwarf-with-dsym";
				ENABLE_NS_ASSERTIONS = NO;
				ENABLE_STRICT_OBJC_MSGSEND = YES;
				GCC_C_LANGUAGE_STANDARD = gnu99;
				GCC_NO_COMMON_BLOCKS = YES;
				GCC_WARN_64_TO_32_BIT_CONVERSION = YES;
				GCC_WARN_ABOUT_RETURN_TYPE = YES_ERROR;
				GCC_WARN_UNDECLARED_SELECTOR = YES;
				GCC_WARN_UNINITIALIZED_AUTOS = YES_AGGRESSIVE;
				GCC_WARN_UNUSED_FUNCTION = YES;
				GCC_WARN_UNUSED_VARIABLE = YES;
				IPHONEOS_DEPLOYMENT_TARGET = 10.3;
				MTL_ENABLE_DEBUG_INFO = NO;
				SDKROOT = iphoneos;
				SWIFT_OPTIMIZATION_LEVEL = "-Owholemodule";
				TARGETED_DEVICE_FAMILY = "1,2";
				VALIDATE_PRODUCT = YES;
			};
			name = Release;
		};
		EE0CCF811ED71A3B003E96BC /* Debug */ = {
			isa = XCBuildConfiguration;
			buildSettings = {
				ASSETCATALOG_COMPILER_APPICON_NAME = AppIcon;
				DEVELOPMENT_TEAM = 8LSJUN2G6D;
				INFOPLIST_FILE = MyWebImage/Info.plist;
				LD_RUNPATH_SEARCH_PATHS = "$(inherited) @executable_path/Frameworks";
				PRODUCT_BUNDLE_IDENTIFIER = softv.MyWebImage;
				PRODUCT_NAME = "$(TARGET_NAME)";
				SWIFT_VERSION = 3.0;
			};
			name = Debug;
		};
		EE0CCF821ED71A3B003E96BC /* Release */ = {
			isa = XCBuildConfiguration;
			buildSettings = {
				ASSETCATALOG_COMPILER_APPICON_NAME = AppIcon;
				DEVELOPMENT_TEAM = 8LSJUN2G6D;
				INFOPLIST_FILE = MyWebImage/Info.plist;
				LD_RUNPATH_SEARCH_PATHS = "$(inherited) @executable_path/Frameworks";
				PRODUCT_BUNDLE_IDENTIFIER = softv.MyWebImage;
				PRODUCT_NAME = "$(TARGET_NAME)";
				SWIFT_VERSION = 3.0;
			};
			name = Release;
		};
		EE0CCF841ED71A3B003E96BC /* Debug */ = {
			isa = XCBuildConfiguration;
			buildSettings = {
				ALWAYS_EMBED_SWIFT_STANDARD_LIBRARIES = YES;
				BUNDLE_LOADER = "$(TEST_HOST)";
				DEVELOPMENT_TEAM = 8LSJUN2G6D;
				INFOPLIST_FILE = MyWebImageTests/Info.plist;
				LD_RUNPATH_SEARCH_PATHS = "$(inherited) @executable_path/Frameworks @loader_path/Frameworks";
				PRODUCT_BUNDLE_IDENTIFIER = softv.MyWebImageTests;
				PRODUCT_NAME = "$(TARGET_NAME)";
				SWIFT_VERSION = 3.0;
				TEST_HOST = "$(BUILT_PRODUCTS_DIR)/MyWebImage.app/MyWebImage";
			};
			name = Debug;
		};
		EE0CCF851ED71A3B003E96BC /* Release */ = {
			isa = XCBuildConfiguration;
			buildSettings = {
				ALWAYS_EMBED_SWIFT_STANDARD_LIBRARIES = YES;
				BUNDLE_LOADER = "$(TEST_HOST)";
				DEVELOPMENT_TEAM = 8LSJUN2G6D;
				INFOPLIST_FILE = MyWebImageTests/Info.plist;
				LD_RUNPATH_SEARCH_PATHS = "$(inherited) @executable_path/Frameworks @loader_path/Frameworks";
				PRODUCT_BUNDLE_IDENTIFIER = softv.MyWebImageTests;
				PRODUCT_NAME = "$(TARGET_NAME)";
				SWIFT_VERSION = 3.0;
				TEST_HOST = "$(BUILT_PRODUCTS_DIR)/MyWebImage.app/MyWebImage";
			};
			name = Release;
		};
/* End XCBuildConfiguration section */

/* Begin XCConfigurationList section */
		EE0CCF5E1ED71A3B003E96BC /* Build configuration list for PBXProject "MyWebImage" */ = {
			isa = XCConfigurationList;
			buildConfigurations = (
				EE0CCF7E1ED71A3B003E96BC /* Debug */,
				EE0CCF7F1ED71A3B003E96BC /* Release */,
			);
			defaultConfigurationIsVisible = 0;
			defaultConfigurationName = Release;
		};
		EE0CCF801ED71A3B003E96BC /* Build configuration list for PBXNativeTarget "MyWebImage" */ = {
			isa = XCConfigurationList;
			buildConfigurations = (
				EE0CCF811ED71A3B003E96BC /* Debug */,
				EE0CCF821ED71A3B003E96BC /* Release */,
			);
			defaultConfigurationIsVisible = 0;
			defaultConfigurationName = Release;
		};
		EE0CCF831ED71A3B003E96BC /* Build configuration list for PBXNativeTarget "MyWebImageTests" */ = {
			isa = XCConfigurationList;
			buildConfigurations = (
				EE0CCF841ED71A3B003E96BC /* Debug */,
				EE0CCF851ED71A3B003E96BC /* Release */,
			);
			defaultConfigurationIsVisible = 0;
			defaultConfigurationName = Release;
		};
/* End XCConfigurationList section */
	};
	rootObject = EE0CCF5B1ED71A3B003E96BC /* Project object */;
}
