// !$*UTF8*$!
{
	archiveVersion = 1;
	classes = {
	};
	objectVersion = 46;
	objects = {

/* Begin PBXBuildFile section */
		EE08CD021EB3EA44009A62D4 /* ReadyForDownloadView.swift in Sources */ = {isa = PBXBuildFile; fileRef = EE08CCFE1EB3EA44009A62D4 /* ReadyForDownloadView.swift */; };
		EE08CD031EB3EA44009A62D4 /* DownloadingView.swift in Sources */ = {isa = PBXBuildFile; fileRef = EE08CCFF1EB3EA44009A62D4 /* DownloadingView.swift */; };
		EE08CD041EB3EA44009A62D4 /* NotReadyForDownloadView.swift in Sources */ = {isa = PBXBuildFile; fileRef = EE08CD001EB3EA44009A62D4 /* NotReadyForDownloadView.swift */; };
		EE08CD051EB3EA44009A62D4 /* DownloadStatusView.swift in Sources */ = {isa = PBXBuildFile; fileRef = EE08CD011EB3EA44009A62D4 /* DownloadStatusView.swift */; };
		EE08CD081EB3EAA4009A62D4 /* MyViewController.swift in Sources */ = {isa = PBXBuildFile; fileRef = EE08CD071EB3EAA4009A62D4 /* MyViewController.swift */; };
		EE3C125C1EA9579500EE7234 /* AppDelegate.swift in Sources */ = {isa = PBXBuildFile; fileRef = EE3C125B1EA9579500EE7234 /* AppDelegate.swift */; };
		EE3C125E1EA9579500EE7234 /* FakeDownloadSimulatorTestViewController.swift in Sources */ = {isa = PBXBuildFile; fileRef = EE3C125D1EA9579500EE7234 /* FakeDownloadSimulatorTestViewController.swift */; };
		EE3C12611EA9579500EE7234 /* Main.storyboard in Resources */ = {isa = PBXBuildFile; fileRef = EE3C125F1EA9579500EE7234 /* Main.storyboard */; };
		EE3C12631EA9579500EE7234 /* Assets.xcassets in Resources */ = {isa = PBXBuildFile; fileRef = EE3C12621EA9579500EE7234 /* Assets.xcassets */; };
		EE3C12661EA9579500EE7234 /* LaunchScreen.storyboard in Resources */ = {isa = PBXBuildFile; fileRef = EE3C12641EA9579500EE7234 /* LaunchScreen.storyboard */; };
		EE3C12711EA9579500EE7234 /* FakeDownloadTests.swift in Sources */ = {isa = PBXBuildFile; fileRef = EE3C12701EA9579500EE7234 /* FakeDownloadTests.swift */; };
		EE3C127C1EA957AF00EE7234 /* FakeDownloadSimulator.swift in Sources */ = {isa = PBXBuildFile; fileRef = EE3C127B1EA957AF00EE7234 /* FakeDownloadSimulator.swift */; };
		EEA857441F6ED48E002848A2 /* DownloadWaitingView.swift in Sources */ = {isa = PBXBuildFile; fileRef = EEA857431F6ED48E002848A2 /* DownloadWaitingView.swift */; };
		EED41F031EABB394008D0394 /* URLSessionMock.swift in Sources */ = {isa = PBXBuildFile; fileRef = EED41F021EABB394008D0394 /* URLSessionMock.swift */; };
/* End PBXBuildFile section */

/* Begin PBXContainerItemProxy section */
		EE3C126D1EA9579500EE7234 /* PBXContainerItemProxy */ = {
			isa = PBXContainerItemProxy;
			containerPortal = EE3C12501EA9579500EE7234 /* Project object */;
			proxyType = 1;
			remoteGlobalIDString = EE3C12571EA9579500EE7234;
			remoteInfo = FakeDownload;
		};
/* End PBXContainerItemProxy section */

/* Begin PBXFileReference section */
		EE08CCFE1EB3EA44009A62D4 /* ReadyForDownloadView.swift */ = {isa = PBXFileReference; fileEncoding = 4; lastKnownFileType = sourcecode.swift; path = ReadyForDownloadView.swift; sourceTree = "<group>"; };
		EE08CCFF1EB3EA44009A62D4 /* DownloadingView.swift */ = {isa = PBXFileReference; fileEncoding = 4; lastKnownFileType = sourcecode.swift; path = DownloadingView.swift; sourceTree = "<group>"; };
		EE08CD001EB3EA44009A62D4 /* NotReadyForDownloadView.swift */ = {isa = PBXFileReference; fileEncoding = 4; lastKnownFileType = sourcecode.swift; path = NotReadyForDownloadView.swift; sourceTree = "<group>"; };
		EE08CD011EB3EA44009A62D4 /* DownloadStatusView.swift */ = {isa = PBXFileReference; fileEncoding = 4; lastKnownFileType = sourcecode.swift; path = DownloadStatusView.swift; sourceTree = "<group>"; };
		EE08CD071EB3EAA4009A62D4 /* MyViewController.swift */ = {isa = PBXFileReference; fileEncoding = 4; lastKnownFileType = sourcecode.swift; path = MyViewController.swift; sourceTree = "<group>"; };
		EE3C12581EA9579500EE7234 /* FakeDownload.app */ = {isa = PBXFileReference; explicitFileType = wrapper.application; includeInIndex = 0; path = FakeDownload.app; sourceTree = BUILT_PRODUCTS_DIR; };
		EE3C125B1EA9579500EE7234 /* AppDelegate.swift */ = {isa = PBXFileReference; lastKnownFileType = sourcecode.swift; path = AppDelegate.swift; sourceTree = "<group>"; };
		EE3C125D1EA9579500EE7234 /* FakeDownloadSimulatorTestViewController.swift */ = {isa = PBXFileReference; lastKnownFileType = sourcecode.swift; path = FakeDownloadSimulatorTestViewController.swift; sourceTree = "<group>"; };
		EE3C12601EA9579500EE7234 /* Base */ = {isa = PBXFileReference; lastKnownFileType = file.storyboard; name = Base; path = Base.lproj/Main.storyboard; sourceTree = "<group>"; };
		EE3C12621EA9579500EE7234 /* Assets.xcassets */ = {isa = PBXFileReference; lastKnownFileType = folder.assetcatalog; path = Assets.xcassets; sourceTree = "<group>"; };
		EE3C12651EA9579500EE7234 /* Base */ = {isa = PBXFileReference; lastKnownFileType = file.storyboard; name = Base; path = Base.lproj/LaunchScreen.storyboard; sourceTree = "<group>"; };
		EE3C12671EA9579500EE7234 /* Info.plist */ = {isa = PBXFileReference; lastKnownFileType = text.plist.xml; path = Info.plist; sourceTree = "<group>"; };
		EE3C126C1EA9579500EE7234 /* FakeDownloadTests.xctest */ = {isa = PBXFileReference; explicitFileType = wrapper.cfbundle; includeInIndex = 0; path = FakeDownloadTests.xctest; sourceTree = BUILT_PRODUCTS_DIR; };
		EE3C12701EA9579500EE7234 /* FakeDownloadTests.swift */ = {isa = PBXFileReference; lastKnownFileType = sourcecode.swift; path = FakeDownloadTests.swift; sourceTree = "<group>"; };
		EE3C12721EA9579500EE7234 /* Info.plist */ = {isa = PBXFileReference; lastKnownFileType = text.plist.xml; path = Info.plist; sourceTree = "<group>"; };
		EE3C127B1EA957AF00EE7234 /* FakeDownloadSimulator.swift */ = {isa = PBXFileReference; fileEncoding = 4; lastKnownFileType = sourcecode.swift; path = FakeDownloadSimulator.swift; sourceTree = "<group>"; };
		EEA857431F6ED48E002848A2 /* DownloadWaitingView.swift */ = {isa = PBXFileReference; lastKnownFileType = sourcecode.swift; path = DownloadWaitingView.swift; sourceTree = "<group>"; };
		EED41F021EABB394008D0394 /* URLSessionMock.swift */ = {isa = PBXFileReference; fileEncoding = 4; lastKnownFileType = sourcecode.swift; path = URLSessionMock.swift; sourceTree = "<group>"; };
/* End PBXFileReference section */

/* Begin PBXFrameworksBuildPhase section */
		EE3C12551EA9579500EE7234 /* Frameworks */ = {
			isa = PBXFrameworksBuildPhase;
			buildActionMask = 2147483647;
			files = (
			);
			runOnlyForDeploymentPostprocessing = 0;
		};
		EE3C12691EA9579500EE7234 /* Frameworks */ = {
			isa = PBXFrameworksBuildPhase;
			buildActionMask = 2147483647;
			files = (
			);
			runOnlyForDeploymentPostprocessing = 0;
		};
/* End PBXFrameworksBuildPhase section */

/* Begin PBXGroup section */
		EE08CCFD1EB3EA35009A62D4 /* Views */ = {
			isa = PBXGroup;
			children = (
				EE08CCFE1EB3EA44009A62D4 /* ReadyForDownloadView.swift */,
				EE08CCFF1EB3EA44009A62D4 /* DownloadingView.swift */,
				EE08CD001EB3EA44009A62D4 /* NotReadyForDownloadView.swift */,
				EE08CD011EB3EA44009A62D4 /* DownloadStatusView.swift */,
				EEA857431F6ED48E002848A2 /* DownloadWaitingView.swift */,
			);
			name = Views;
			sourceTree = "<group>";
		};
		EE08CD061EB3EA91009A62D4 /* ViewControllers */ = {
			isa = PBXGroup;
			children = (
				EE3C125D1EA9579500EE7234 /* FakeDownloadSimulatorTestViewController.swift */,
				EE08CD071EB3EAA4009A62D4 /* MyViewController.swift */,
			);
			name = ViewControllers;
			sourceTree = "<group>";
		};
		EE3C124F1EA9579500EE7234 = {
			isa = PBXGroup;
			children = (
				EE3C125A1EA9579500EE7234 /* FakeDownload */,
				EE3C126F1EA9579500EE7234 /* FakeDownloadTests */,
				EE3C12591EA9579500EE7234 /* Products */,
			);
			sourceTree = "<group>";
		};
		EE3C12591EA9579500EE7234 /* Products */ = {
			isa = PBXGroup;
			children = (
				EE3C12581EA9579500EE7234 /* FakeDownload.app */,
				EE3C126C1EA9579500EE7234 /* FakeDownloadTests.xctest */,
			);
			name = Products;
			sourceTree = "<group>";
		};
		EE3C125A1EA9579500EE7234 /* FakeDownload */ = {
			isa = PBXGroup;
			children = (
				EE08CD061EB3EA91009A62D4 /* ViewControllers */,
				EE08CCFD1EB3EA35009A62D4 /* Views */,
				EED41EFF1EABB33B008D0394 /* Clients */,
				EE3C125B1EA9579500EE7234 /* AppDelegate.swift */,
				EE3C127B1EA957AF00EE7234 /* FakeDownloadSimulator.swift */,
				EE3C125F1EA9579500EE7234 /* Main.storyboard */,
				EE3C12621EA9579500EE7234 /* Assets.xcassets */,
				EE3C12641EA9579500EE7234 /* LaunchScreen.storyboard */,
				EE3C12671EA9579500EE7234 /* Info.plist */,
			);
			path = FakeDownload;
			sourceTree = "<group>";
		};
		EE3C126F1EA9579500EE7234 /* FakeDownloadTests */ = {
			isa = PBXGroup;
			children = (
				EE3C12701EA9579500EE7234 /* FakeDownloadTests.swift */,
				EE3C12721EA9579500EE7234 /* Info.plist */,
			);
			path = FakeDownloadTests;
			sourceTree = "<group>";
		};
		EED41EFF1EABB33B008D0394 /* Clients */ = {
			isa = PBXGroup;
			children = (
				EED41F021EABB394008D0394 /* URLSessionMock.swift */,
			);
			name = Clients;
			sourceTree = "<group>";
		};
/* End PBXGroup section */

/* Begin PBXNativeTarget section */
		EE3C12571EA9579500EE7234 /* FakeDownload */ = {
			isa = PBXNativeTarget;
			buildConfigurationList = EE3C12751EA9579500EE7234 /* Build configuration list for PBXNativeTarget "FakeDownload" */;
			buildPhases = (
				EE3C12541EA9579500EE7234 /* Sources */,
				EE3C12551EA9579500EE7234 /* Frameworks */,
				EE3C12561EA9579500EE7234 /* Resources */,
			);
			buildRules = (
			);
			dependencies = (
			);
			name = FakeDownload;
			productName = FakeDownload;
			productReference = EE3C12581EA9579500EE7234 /* FakeDownload.app */;
			productType = "com.apple.product-type.application";
		};
		EE3C126B1EA9579500EE7234 /* FakeDownloadTests */ = {
			isa = PBXNativeTarget;
			buildConfigurationList = EE3C12781EA9579500EE7234 /* Build configuration list for PBXNativeTarget "FakeDownloadTests" */;
			buildPhases = (
				EE3C12681EA9579500EE7234 /* Sources */,
				EE3C12691EA9579500EE7234 /* Frameworks */,
				EE3C126A1EA9579500EE7234 /* Resources */,
			);
			buildRules = (
			);
			dependencies = (
				EE3C126E1EA9579500EE7234 /* PBXTargetDependency */,
			);
			name = FakeDownloadTests;
			productName = FakeDownloadTests;
			productReference = EE3C126C1EA9579500EE7234 /* FakeDownloadTests.xctest */;
			productType = "com.apple.product-type.bundle.unit-test";
		};
/* End PBXNativeTarget section */

/* Begin PBXProject section */
		EE3C12501EA9579500EE7234 /* Project object */ = {
			isa = PBXProject;
			attributes = {
				LastSwiftUpdateCheck = 0810;
				LastUpgradeCheck = 0810;
				ORGANIZATIONNAME = SeoGiwon;
				TargetAttributes = {
					EE3C12571EA9579500EE7234 = {
						CreatedOnToolsVersion = 8.1;
						DevelopmentTeam = 8LSJUN2G6D;
						ProvisioningStyle = Automatic;
					};
					EE3C126B1EA9579500EE7234 = {
						CreatedOnToolsVersion = 8.1;
						DevelopmentTeam = 8LSJUN2G6D;
						ProvisioningStyle = Automatic;
						TestTargetID = EE3C12571EA9579500EE7234;
					};
				};
			};
			buildConfigurationList = EE3C12531EA9579500EE7234 /* Build configuration list for PBXProject "FakeDownload" */;
			compatibilityVersion = "Xcode 3.2";
			developmentRegion = English;
			hasScannedForEncodings = 0;
			knownRegions = (
				en,
				Base,
			);
			mainGroup = EE3C124F1EA9579500EE7234;
			productRefGroup = EE3C12591EA9579500EE7234 /* Products */;
			projectDirPath = "";
			projectRoot = "";
			targets = (
				EE3C12571EA9579500EE7234 /* FakeDownload */,
				EE3C126B1EA9579500EE7234 /* FakeDownloadTests */,
			);
		};
/* End PBXProject section */

/* Begin PBXResourcesBuildPhase section */
		EE3C12561EA9579500EE7234 /* Resources */ = {
			isa = PBXResourcesBuildPhase;
			buildActionMask = 2147483647;
			files = (
				EE3C12661EA9579500EE7234 /* LaunchScreen.storyboard in Resources */,
				EE3C12631EA9579500EE7234 /* Assets.xcassets in Resources */,
				EE3C12611EA9579500EE7234 /* Main.storyboard in Resources */,
			);
			runOnlyForDeploymentPostprocessing = 0;
		};
		EE3C126A1EA9579500EE7234 /* Resources */ = {
			isa = PBXResourcesBuildPhase;
			buildActionMask = 2147483647;
			files = (
			);
			runOnlyForDeploymentPostprocessing = 0;
		};
/* End PBXResourcesBuildPhase section */

/* Begin PBXSourcesBuildPhase section */
		EE3C12541EA9579500EE7234 /* Sources */ = {
			isa = PBXSourcesBuildPhase;
			buildActionMask = 2147483647;
			files = (
				EE08CD051EB3EA44009A62D4 /* DownloadStatusView.swift in Sources */,
				EE08CD041EB3EA44009A62D4 /* NotReadyForDownloadView.swift in Sources */,
				EEA857441F6ED48E002848A2 /* DownloadWaitingView.swift in Sources */,
				EE08CD021EB3EA44009A62D4 /* ReadyForDownloadView.swift in Sources */,
				EED41F031EABB394008D0394 /* URLSessionMock.swift in Sources */,
				EE08CD031EB3EA44009A62D4 /* DownloadingView.swift in Sources */,
				EE3C125E1EA9579500EE7234 /* FakeDownloadSimulatorTestViewController.swift in Sources */,
				EE3C127C1EA957AF00EE7234 /* FakeDownloadSimulator.swift in Sources */,
				EE08CD081EB3EAA4009A62D4 /* MyViewController.swift in Sources */,
				EE3C125C1EA9579500EE7234 /* AppDelegate.swift in Sources */,
			);
			runOnlyForDeploymentPostprocessing = 0;
		};
		EE3C12681EA9579500EE7234 /* Sources */ = {
			isa = PBXSourcesBuildPhase;
			buildActionMask = 2147483647;
			files = (
				EE3C12711EA9579500EE7234 /* FakeDownloadTests.swift in Sources */,
			);
			runOnlyForDeploymentPostprocessing = 0;
		};
/* End PBXSourcesBuildPhase section */

/* Begin PBXTargetDependency section */
		EE3C126E1EA9579500EE7234 /* PBXTargetDependency */ = {
			isa = PBXTargetDependency;
			target = EE3C12571EA9579500EE7234 /* FakeDownload */;
			targetProxy = EE3C126D1EA9579500EE7234 /* PBXContainerItemProxy */;
		};
/* End PBXTargetDependency section */

/* Begin PBXVariantGroup section */
		EE3C125F1EA9579500EE7234 /* Main.storyboard */ = {
			isa = PBXVariantGroup;
			children = (
				EE3C12601EA9579500EE7234 /* Base */,
			);
			name = Main.storyboard;
			sourceTree = "<group>";
		};
		EE3C12641EA9579500EE7234 /* LaunchScreen.storyboard */ = {
			isa = PBXVariantGroup;
			children = (
				EE3C12651EA9579500EE7234 /* Base */,
			);
			name = LaunchScreen.storyboard;
			sourceTree = "<group>";
		};
/* End PBXVariantGroup section */

/* Begin XCBuildConfiguration section */
		EE3C12731EA9579500EE7234 /* Debug */ = {
			isa = XCBuildConfiguration;
			buildSettings = {
				ALWAYS_SEARCH_USER_PATHS = NO;
				CLANG_ANALYZER_NONNULL = YES;
				CLANG_CXX_LANGUAGE_STANDARD = "gnu++0x";
				CLANG_CXX_LIBRARY = "libc++";
				CLANG_ENABLE_MODULES = YES;
				CLANG_ENABLE_OBJC_ARC = YES;
				CLANG_WARN_BOOL_CONVERSION = YES;
				CLANG_WARN_CONSTANT_CONVERSION = YES;
				CLANG_WARN_DIRECT_OBJC_ISA_USAGE = YES_ERROR;
				CLANG_WARN_DOCUMENTATION_COMMENTS = YES;
				CLANG_WARN_EMPTY_BODY = YES;
				CLANG_WARN_ENUM_CONVERSION = YES;
				CLANG_WARN_INFINITE_RECURSION = YES;
				CLANG_WARN_INT_CONVERSION = YES;
				CLANG_WARN_OBJC_ROOT_CLASS = YES_ERROR;
				CLANG_WARN_SUSPICIOUS_MOVES = YES;
				CLANG_WARN_UNREACHABLE_CODE = YES;
				CLANG_WARN__DUPLICATE_METHOD_MATCH = YES;
				"CODE_SIGN_IDENTITY[sdk=iphoneos*]" = "iPhone Developer";
				COPY_PHASE_STRIP = NO;
				DEBUG_INFORMATION_FORMAT = dwarf;
				ENABLE_STRICT_OBJC_MSGSEND = YES;
				ENABLE_TESTABILITY = YES;
				GCC_C_LANGUAGE_STANDARD = gnu99;
				GCC_DYNAMIC_NO_PIC = NO;
				GCC_NO_COMMON_BLOCKS = YES;
				GCC_OPTIMIZATION_LEVEL = 0;
				GCC_PREPROCESSOR_DEFINITIONS = (
					"DEBUG=1",
					"$(inherited)",
				);
				GCC_WARN_64_TO_32_BIT_CONVERSION = YES;
				GCC_WARN_ABOUT_RETURN_TYPE = YES_ERROR;
				GCC_WARN_UNDECLARED_SELECTOR = YES;
				GCC_WARN_UNINITIALIZED_AUTOS = YES_AGGRESSIVE;
				GCC_WARN_UNUSED_FUNCTION = YES;
				GCC_WARN_UNUSED_VARIABLE = YES;
				IPHONEOS_DEPLOYMENT_TARGET = 10.1;
				MTL_ENABLE_DEBUG_INFO = YES;
				ONLY_ACTIVE_ARCH = YES;
				SDKROOT = iphoneos;
				SWIFT_ACTIVE_COMPILATION_CONDITIONS = DEBUG;
				SWIFT_OPTIMIZATION_LEVEL = "-Onone";
				TARGETED_DEVICE_FAMILY = "1,2";
			};
			name = Debug;
		};
		EE3C12741EA9579500EE7234 /* Release */ = {
			isa = XCBuildConfiguration;
			buildSettings = {
				ALWAYS_SEARCH_USER_PATHS = NO;
				CLANG_ANALYZER_NONNULL = YES;
				CLANG_CXX_LANGUAGE_STANDARD = "gnu++0x";
				CLANG_CXX_LIBRARY = "libc++";
				CLANG_ENABLE_MODULES = YES;
				CLANG_ENABLE_OBJC_ARC = YES;
				CLANG_WARN_BOOL_CONVERSION = YES;
				CLANG_WARN_CONSTANT_CONVERSION = YES;
				CLANG_WARN_DIRECT_OBJC_ISA_USAGE = YES_ERROR;
				CLANG_WARN_DOCUMENTATION_COMMENTS = YES;
				CLANG_WARN_EMPTY_BODY = YES;
				CLANG_WARN_ENUM_CONVERSION = YES;
				CLANG_WARN_INFINITE_RECURSION = YES;
				CLANG_WARN_INT_CONVERSION = YES;
				CLANG_WARN_OBJC_ROOT_CLASS = YES_ERROR;
				CLANG_WARN_SUSPICIOUS_MOVES = YES;
				CLANG_WARN_UNREACHABLE_CODE = YES;
				CLANG_WARN__DUPLICATE_METHOD_MATCH = YES;
				"CODE_SIGN_IDENTITY[sdk=iphoneos*]" = "iPhone Developer";
				COPY_PHASE_STRIP = NO;
				DEBUG_INFORMATION_FORMAT = "dwarf-with-dsym";
				ENABLE_NS_ASSERTIONS = NO;
				ENABLE_STRICT_OBJC_MSGSEND = YES;
				GCC_C_LANGUAGE_STANDARD = gnu99;
				GCC_NO_COMMON_BLOCKS = YES;
				GCC_WARN_64_TO_32_BIT_CONVERSION = YES;
				GCC_WARN_ABOUT_RETURN_TYPE = YES_ERROR;
				GCC_WARN_UNDECLARED_SELECTOR = YES;
				GCC_WARN_UNINITIALIZED_AUTOS = YES_AGGRESSIVE;
				GCC_WARN_UNUSED_FUNCTION = YES;
				GCC_WARN_UNUSED_VARIABLE = YES;
				IPHONEOS_DEPLOYMENT_TARGET = 10.1;
				MTL_ENABLE_DEBUG_INFO = NO;
				SDKROOT = iphoneos;
				SWIFT_OPTIMIZATION_LEVEL = "-Owholemodule";
				TARGETED_DEVICE_FAMILY = "1,2";
				VALIDATE_PRODUCT = YES;
			};
			name = Release;
		};
		EE3C12761EA9579500EE7234 /* Debug */ = {
			isa = XCBuildConfiguration;
			buildSettings = {
				ASSETCATALOG_COMPILER_APPICON_NAME = AppIcon;
				DEVELOPMENT_TEAM = 8LSJUN2G6D;
				INFOPLIST_FILE = FakeDownload/Info.plist;
				LD_RUNPATH_SEARCH_PATHS = "$(inherited) @executable_path/Frameworks";
				PRODUCT_BUNDLE_IDENTIFIER = softv.FakeDownload;
				PRODUCT_NAME = "$(TARGET_NAME)";
				SWIFT_VERSION = 3.0;
			};
			name = Debug;
		};
		EE3C12771EA9579500EE7234 /* Release */ = {
			isa = XCBuildConfiguration;
			buildSettings = {
				ASSETCATALOG_COMPILER_APPICON_NAME = AppIcon;
				DEVELOPMENT_TEAM = 8LSJUN2G6D;
				INFOPLIST_FILE = FakeDownload/Info.plist;
				LD_RUNPATH_SEARCH_PATHS = "$(inherited) @executable_path/Frameworks";
				PRODUCT_BUNDLE_IDENTIFIER = softv.FakeDownload;
				PRODUCT_NAME = "$(TARGET_NAME)";
				SWIFT_VERSION = 3.0;
			};
			name = Release;
		};
		EE3C12791EA9579500EE7234 /* Debug */ = {
			isa = XCBuildConfiguration;
			buildSettings = {
				ALWAYS_EMBED_SWIFT_STANDARD_LIBRARIES = YES;
				BUNDLE_LOADER = "$(TEST_HOST)";
				DEVELOPMENT_TEAM = 8LSJUN2G6D;
				INFOPLIST_FILE = FakeDownloadTests/Info.plist;
				LD_RUNPATH_SEARCH_PATHS = "$(inherited) @executable_path/Frameworks @loader_path/Frameworks";
				PRODUCT_BUNDLE_IDENTIFIER = softv.FakeDownloadTests;
				PRODUCT_NAME = "$(TARGET_NAME)";
				SWIFT_VERSION = 3.0;
				TEST_HOST = "$(BUILT_PRODUCTS_DIR)/FakeDownload.app/FakeDownload";
			};
			name = Debug;
		};
		EE3C127A1EA9579500EE7234 /* Release */ = {
			isa = XCBuildConfiguration;
			buildSettings = {
				ALWAYS_EMBED_SWIFT_STANDARD_LIBRARIES = YES;
				BUNDLE_LOADER = "$(TEST_HOST)";
				DEVELOPMENT_TEAM = 8LSJUN2G6D;
				INFOPLIST_FILE = FakeDownloadTests/Info.plist;
				LD_RUNPATH_SEARCH_PATHS = "$(inherited) @executable_path/Frameworks @loader_path/Frameworks";
				PRODUCT_BUNDLE_IDENTIFIER = softv.FakeDownloadTests;
				PRODUCT_NAME = "$(TARGET_NAME)";
				SWIFT_VERSION = 3.0;
				TEST_HOST = "$(BUILT_PRODUCTS_DIR)/FakeDownload.app/FakeDownload";
			};
			name = Release;
		};
/* End XCBuildConfiguration section */

/* Begin XCConfigurationList section */
		EE3C12531EA9579500EE7234 /* Build configuration list for PBXProject "FakeDownload" */ = {
			isa = XCConfigurationList;
			buildConfigurations = (
				EE3C12731EA9579500EE7234 /* Debug */,
				EE3C12741EA9579500EE7234 /* Release */,
			);
			defaultConfigurationIsVisible = 0;
			defaultConfigurationName = Release;
		};
		EE3C12751EA9579500EE7234 /* Build configuration list for PBXNativeTarget "FakeDownload" */ = {
			isa = XCConfigurationList;
			buildConfigurations = (
				EE3C12761EA9579500EE7234 /* Debug */,
				EE3C12771EA9579500EE7234 /* Release */,
			);
			defaultConfigurationIsVisible = 0;
			defaultConfigurationName = Release;
		};
		EE3C12781EA9579500EE7234 /* Build configuration list for PBXNativeTarget "FakeDownloadTests" */ = {
			isa = XCConfigurationList;
			buildConfigurations = (
				EE3C12791EA9579500EE7234 /* Debug */,
				EE3C127A1EA9579500EE7234 /* Release */,
			);
			defaultConfigurationIsVisible = 0;
			defaultConfigurationName = Release;
		};
/* End XCConfigurationList section */
	};
	rootObject = EE3C12501EA9579500EE7234 /* Project object */;
}
